// !$*UTF8*$!
{
	archiveVersion = 1;
	classes = {
	};
	objectVersion = 48;
	objects = {

/* Begin PBXBuildFile section */
		2D398E3D6EDABF80666F0C62 /* Pods_BSBDJ.framework in Frameworks */ = {isa = PBXBuildFile; fileRef = 0A884AB52F036DA6A175B23C /* Pods_BSBDJ.framework */; };
		2E61DD921FE76C300023C9C9 /* AppDelegate.swift in Sources */ = {isa = PBXBuildFile; fileRef = 2E61DD911FE76C300023C9C9 /* AppDelegate.swift */; };
		2E61DD941FE76C300023C9C9 /* ViewController.swift in Sources */ = {isa = PBXBuildFile; fileRef = 2E61DD931FE76C300023C9C9 /* ViewController.swift */; };
		2E61DD971FE76C300023C9C9 /* Main.storyboard in Resources */ = {isa = PBXBuildFile; fileRef = 2E61DD951FE76C300023C9C9 /* Main.storyboard */; };
		2E61DD991FE76C300023C9C9 /* Assets.xcassets in Resources */ = {isa = PBXBuildFile; fileRef = 2E61DD981FE76C300023C9C9 /* Assets.xcassets */; };
		2E61DD9C1FE76C300023C9C9 /* LaunchScreen.storyboard in Resources */ = {isa = PBXBuildFile; fileRef = 2E61DD9A1FE76C300023C9C9 /* LaunchScreen.storyboard */; };
		2E61DDA71FE76C300023C9C9 /* BSBDJTests.swift in Sources */ = {isa = PBXBuildFile; fileRef = 2E61DDA61FE76C300023C9C9 /* BSBDJTests.swift */; };
		2E61DDB21FE76C300023C9C9 /* BSBDJUITests.swift in Sources */ = {isa = PBXBuildFile; fileRef = 2E61DDB11FE76C300023C9C9 /* BSBDJUITests.swift */; };
		2E61DDDA1FE76D4A0023C9C9 /* MainTabBar.swift in Sources */ = {isa = PBXBuildFile; fileRef = 2E61DDD71FE76D4A0023C9C9 /* MainTabBar.swift */; };
		2E61DDDB1FE76D4A0023C9C9 /* MainNavigationController.swift in Sources */ = {isa = PBXBuildFile; fileRef = 2E61DDD81FE76D4A0023C9C9 /* MainNavigationController.swift */; };
		2E61DDDC1FE76D4A0023C9C9 /* MainTabBarController.swift in Sources */ = {isa = PBXBuildFile; fileRef = 2E61DDD91FE76D4A0023C9C9 /* MainTabBarController.swift */; };
		2E61DDDE1FE76DE60023C9C9 /* EssenceViewController.swift in Sources */ = {isa = PBXBuildFile; fileRef = 2E61DDDD1FE76DE60023C9C9 /* EssenceViewController.swift */; };
		2E61DDE01FE76DFD0023C9C9 /* NewViewController.swift in Sources */ = {isa = PBXBuildFile; fileRef = 2E61DDDF1FE76DFD0023C9C9 /* NewViewController.swift */; };
		2E61DDE21FE76E140023C9C9 /* FriendViewController.swift in Sources */ = {isa = PBXBuildFile; fileRef = 2E61DDE11FE76E140023C9C9 /* FriendViewController.swift */; };
		2E61DDE41FE76E280023C9C9 /* MeViewController.swift in Sources */ = {isa = PBXBuildFile; fileRef = 2E61DDE31FE76E280023C9C9 /* MeViewController.swift */; };
		2E61DDEE1FE76F340023C9C9 /* Controller in Resources */ = {isa = PBXBuildFile; fileRef = 2E61DDE61FE76F330023C9C9 /* Controller */; };
		2E61DDEF1FE76F340023C9C9 /* Date+Extension.swift in Sources */ = {isa = PBXBuildFile; fileRef = 2E61DDE71FE76F330023C9C9 /* Date+Extension.swift */; };
		2E61DDF01FE76F340023C9C9 /* String+Extension.swift in Sources */ = {isa = PBXBuildFile; fileRef = 2E61DDE81FE76F330023C9C9 /* String+Extension.swift */; };
		2E61DDF11FE76F340023C9C9 /* UIBarButtonItem+Extesion.swift in Sources */ = {isa = PBXBuildFile; fileRef = 2E61DDE91FE76F330023C9C9 /* UIBarButtonItem+Extesion.swift */; };
		2E61DDF21FE76F340023C9C9 /* UIColor+Extension.swift in Sources */ = {isa = PBXBuildFile; fileRef = 2E61DDEA1FE76F330023C9C9 /* UIColor+Extension.swift */; };
		2E61DDF31FE76F340023C9C9 /* UIImage+Extension.swift in Sources */ = {isa = PBXBuildFile; fileRef = 2E61DDEB1FE76F330023C9C9 /* UIImage+Extension.swift */; };
		2E61DDF41FE76F340023C9C9 /* UIImageView+Extension.swift in Sources */ = {isa = PBXBuildFile; fileRef = 2E61DDEC1FE76F330023C9C9 /* UIImageView+Extension.swift */; };
		2E61DDF51FE76F340023C9C9 /* UIView+Extension.swift in Sources */ = {isa = PBXBuildFile; fileRef = 2E61DDED1FE76F330023C9C9 /* UIView+Extension.swift */; };
		2E61DDF81FE76F6D0023C9C9 /* Common.swift in Sources */ = {isa = PBXBuildFile; fileRef = 2E61DDF71FE76F6D0023C9C9 /* Common.swift */; };
		2EB072931FE7710A0016AA31 /* EssenceContentViewController.swift in Sources */ = {isa = PBXBuildFile; fileRef = 2EB072921FE7710A0016AA31 /* EssenceContentViewController.swift */; };
/* End PBXBuildFile section */

/* Begin PBXContainerItemProxy section */
		2E61DDA31FE76C300023C9C9 /* PBXContainerItemProxy */ = {
			isa = PBXContainerItemProxy;
			containerPortal = 2E61DD861FE76C300023C9C9 /* Project object */;
			proxyType = 1;
			remoteGlobalIDString = 2E61DD8D1FE76C300023C9C9;
			remoteInfo = BSBDJ;
		};
		2E61DDAE1FE76C300023C9C9 /* PBXContainerItemProxy */ = {
			isa = PBXContainerItemProxy;
			containerPortal = 2E61DD861FE76C300023C9C9 /* Project object */;
			proxyType = 1;
			remoteGlobalIDString = 2E61DD8D1FE76C300023C9C9;
			remoteInfo = BSBDJ;
		};
/* End PBXContainerItemProxy section */

/* Begin PBXFileReference section */
		0A884AB52F036DA6A175B23C /* Pods_BSBDJ.framework */ = {isa = PBXFileReference; explicitFileType = wrapper.framework; includeInIndex = 0; path = Pods_BSBDJ.framework; sourceTree = BUILT_PRODUCTS_DIR; };
		2E61DD8E1FE76C300023C9C9 /* BSBDJ.app */ = {isa = PBXFileReference; explicitFileType = wrapper.application; includeInIndex = 0; path = BSBDJ.app; sourceTree = BUILT_PRODUCTS_DIR; };
		2E61DD911FE76C300023C9C9 /* AppDelegate.swift */ = {isa = PBXFileReference; lastKnownFileType = sourcecode.swift; path = AppDelegate.swift; sourceTree = "<group>"; };
		2E61DD931FE76C300023C9C9 /* ViewController.swift */ = {isa = PBXFileReference; lastKnownFileType = sourcecode.swift; path = ViewController.swift; sourceTree = "<group>"; };
		2E61DD961FE76C300023C9C9 /* Base */ = {isa = PBXFileReference; lastKnownFileType = file.storyboard; name = Base; path = Base.lproj/Main.storyboard; sourceTree = "<group>"; };
		2E61DD981FE76C300023C9C9 /* Assets.xcassets */ = {isa = PBXFileReference; lastKnownFileType = folder.assetcatalog; path = Assets.xcassets; sourceTree = "<group>"; };
		2E61DD9B1FE76C300023C9C9 /* Base */ = {isa = PBXFileReference; lastKnownFileType = file.storyboard; name = Base; path = Base.lproj/LaunchScreen.storyboard; sourceTree = "<group>"; };
		2E61DD9D1FE76C300023C9C9 /* Info.plist */ = {isa = PBXFileReference; lastKnownFileType = text.plist.xml; path = Info.plist; sourceTree = "<group>"; };
		2E61DDA21FE76C300023C9C9 /* BSBDJTests.xctest */ = {isa = PBXFileReference; explicitFileType = wrapper.cfbundle; includeInIndex = 0; path = BSBDJTests.xctest; sourceTree = BUILT_PRODUCTS_DIR; };
		2E61DDA61FE76C300023C9C9 /* BSBDJTests.swift */ = {isa = PBXFileReference; lastKnownFileType = sourcecode.swift; path = BSBDJTests.swift; sourceTree = "<group>"; };
		2E61DDA81FE76C300023C9C9 /* Info.plist */ = {isa = PBXFileReference; lastKnownFileType = text.plist.xml; path = Info.plist; sourceTree = "<group>"; };
		2E61DDAD1FE76C300023C9C9 /* BSBDJUITests.xctest */ = {isa = PBXFileReference; explicitFileType = wrapper.cfbundle; includeInIndex = 0; path = BSBDJUITests.xctest; sourceTree = BUILT_PRODUCTS_DIR; };
		2E61DDB11FE76C300023C9C9 /* BSBDJUITests.swift */ = {isa = PBXFileReference; lastKnownFileType = sourcecode.swift; path = BSBDJUITests.swift; sourceTree = "<group>"; };
		2E61DDB31FE76C300023C9C9 /* Info.plist */ = {isa = PBXFileReference; lastKnownFileType = text.plist.xml; path = Info.plist; sourceTree = "<group>"; };
		2E61DDD71FE76D4A0023C9C9 /* MainTabBar.swift */ = {isa = PBXFileReference; fileEncoding = 4; lastKnownFileType = sourcecode.swift; path = MainTabBar.swift; sourceTree = "<group>"; };
		2E61DDD81FE76D4A0023C9C9 /* MainNavigationController.swift */ = {isa = PBXFileReference; fileEncoding = 4; lastKnownFileType = sourcecode.swift; path = MainNavigationController.swift; sourceTree = "<group>"; };
		2E61DDD91FE76D4A0023C9C9 /* MainTabBarController.swift */ = {isa = PBXFileReference; fileEncoding = 4; lastKnownFileType = sourcecode.swift; path = MainTabBarController.swift; sourceTree = "<group>"; };
		2E61DDDD1FE76DE60023C9C9 /* EssenceViewController.swift */ = {isa = PBXFileReference; lastKnownFileType = sourcecode.swift; path = EssenceViewController.swift; sourceTree = "<group>"; };
		2E61DDDF1FE76DFD0023C9C9 /* NewViewController.swift */ = {isa = PBXFileReference; lastKnownFileType = sourcecode.swift; path = NewViewController.swift; sourceTree = "<group>"; };
		2E61DDE11FE76E140023C9C9 /* FriendViewController.swift */ = {isa = PBXFileReference; lastKnownFileType = sourcecode.swift; path = FriendViewController.swift; sourceTree = "<group>"; };
		2E61DDE31FE76E280023C9C9 /* MeViewController.swift */ = {isa = PBXFileReference; lastKnownFileType = sourcecode.swift; path = MeViewController.swift; sourceTree = "<group>"; };
		2E61DDE61FE76F330023C9C9 /* Controller */ = {isa = PBXFileReference; lastKnownFileType = file; path = Controller; sourceTree = "<group>"; };
		2E61DDE71FE76F330023C9C9 /* Date+Extension.swift */ = {isa = PBXFileReference; fileEncoding = 4; lastKnownFileType = sourcecode.swift; path = "Date+Extension.swift"; sourceTree = "<group>"; };
		2E61DDE81FE76F330023C9C9 /* String+Extension.swift */ = {isa = PBXFileReference; fileEncoding = 4; lastKnownFileType = sourcecode.swift; path = "String+Extension.swift"; sourceTree = "<group>"; };
		2E61DDE91FE76F330023C9C9 /* UIBarButtonItem+Extesion.swift */ = {isa = PBXFileReference; fileEncoding = 4; lastKnownFileType = sourcecode.swift; path = "UIBarButtonItem+Extesion.swift"; sourceTree = "<group>"; };
		2E61DDEA1FE76F330023C9C9 /* UIColor+Extension.swift */ = {isa = PBXFileReference; fileEncoding = 4; lastKnownFileType = sourcecode.swift; path = "UIColor+Extension.swift"; sourceTree = "<group>"; };
		2E61DDEB1FE76F330023C9C9 /* UIImage+Extension.swift */ = {isa = PBXFileReference; fileEncoding = 4; lastKnownFileType = sourcecode.swift; path = "UIImage+Extension.swift"; sourceTree = "<group>"; };
		2E61DDEC1FE76F330023C9C9 /* UIImageView+Extension.swift */ = {isa = PBXFileReference; fileEncoding = 4; lastKnownFileType = sourcecode.swift; path = "UIImageView+Extension.swift"; sourceTree = "<group>"; };
		2E61DDED1FE76F330023C9C9 /* UIView+Extension.swift */ = {isa = PBXFileReference; fileEncoding = 4; lastKnownFileType = sourcecode.swift; path = "UIView+Extension.swift"; sourceTree = "<group>"; };
		2E61DDF71FE76F6D0023C9C9 /* Common.swift */ = {isa = PBXFileReference; fileEncoding = 4; lastKnownFileType = sourcecode.swift; path = Common.swift; sourceTree = "<group>"; };
		2EB072921FE7710A0016AA31 /* EssenceContentViewController.swift */ = {isa = PBXFileReference; fileEncoding = 4; lastKnownFileType = sourcecode.swift; path = EssenceContentViewController.swift; sourceTree = "<group>"; };
		5BADCC3C187461FE43E570CB /* Pods-BSBDJ.debug.xcconfig */ = {isa = PBXFileReference; includeInIndex = 1; lastKnownFileType = text.xcconfig; name = "Pods-BSBDJ.debug.xcconfig"; path = "Pods/Target Support Files/Pods-BSBDJ/Pods-BSBDJ.debug.xcconfig"; sourceTree = "<group>"; };
		D28C54D23ECE57A291F9B20F /* Pods-BSBDJ.release.xcconfig */ = {isa = PBXFileReference; includeInIndex = 1; lastKnownFileType = text.xcconfig; name = "Pods-BSBDJ.release.xcconfig"; path = "Pods/Target Support Files/Pods-BSBDJ/Pods-BSBDJ.release.xcconfig"; sourceTree = "<group>"; };
/* End PBXFileReference section */

/* Begin PBXFrameworksBuildPhase section */
		2E61DD8B1FE76C300023C9C9 /* Frameworks */ = {
			isa = PBXFrameworksBuildPhase;
			buildActionMask = 2147483647;
			files = (
				2D398E3D6EDABF80666F0C62 /* Pods_BSBDJ.framework in Frameworks */,
			);
			runOnlyForDeploymentPostprocessing = 0;
		};
		2E61DD9F1FE76C300023C9C9 /* Frameworks */ = {
			isa = PBXFrameworksBuildPhase;
			buildActionMask = 2147483647;
			files = (
			);
			runOnlyForDeploymentPostprocessing = 0;
		};
		2E61DDAA1FE76C300023C9C9 /* Frameworks */ = {
			isa = PBXFrameworksBuildPhase;
			buildActionMask = 2147483647;
			files = (
			);
			runOnlyForDeploymentPostprocessing = 0;
		};
/* End PBXFrameworksBuildPhase section */

/* Begin PBXGroup section */
		2E61DD851FE76C300023C9C9 = {
			isa = PBXGroup;
			children = (
				2E61DD901FE76C300023C9C9 /* BSBDJ */,
				2E61DDA51FE76C300023C9C9 /* BSBDJTests */,
				2E61DDB01FE76C300023C9C9 /* BSBDJUITests */,
				2E61DD8F1FE76C300023C9C9 /* Products */,
				4198429E9D95AB5F2FC26D4F /* Pods */,
				7A885CA6DCB3A80BE7228A2E /* Frameworks */,
			);
			sourceTree = "<group>";
		};
		2E61DD8F1FE76C300023C9C9 /* Products */ = {
			isa = PBXGroup;
			children = (
				2E61DD8E1FE76C300023C9C9 /* BSBDJ.app */,
				2E61DDA21FE76C300023C9C9 /* BSBDJTests.xctest */,
				2E61DDAD1FE76C300023C9C9 /* BSBDJUITests.xctest */,
			);
			name = Products;
			sourceTree = "<group>";
		};
		2E61DD901FE76C300023C9C9 /* BSBDJ */ = {
			isa = PBXGroup;
			children = (
				2E61DDCB1FE76CF10023C9C9 /* 发布 */,
				2E61DDC71FE76CF10023C9C9 /* 关注 */,
				2E61DDCF1FE76CF10023C9C9 /* 精华 */,
				2E61DDD31FE76CF10023C9C9 /* 我 */,
				2E61DDBF1FE76CF00023C9C9 /* 新帖 */,
				2E61DDC31FE76CF00023C9C9 /* Other */,
				2E61DD911FE76C300023C9C9 /* AppDelegate.swift */,
				2E61DD931FE76C300023C9C9 /* ViewController.swift */,
				2E61DD951FE76C300023C9C9 /* Main.storyboard */,
				2E61DD981FE76C300023C9C9 /* Assets.xcassets */,
				2E61DD9A1FE76C300023C9C9 /* LaunchScreen.storyboard */,
				2E61DD9D1FE76C300023C9C9 /* Info.plist */,
			);
			path = BSBDJ;
			sourceTree = "<group>";
		};
		2E61DDA51FE76C300023C9C9 /* BSBDJTests */ = {
			isa = PBXGroup;
			children = (
				2E61DDA61FE76C300023C9C9 /* BSBDJTests.swift */,
				2E61DDA81FE76C300023C9C9 /* Info.plist */,
			);
			path = BSBDJTests;
			sourceTree = "<group>";
		};
		2E61DDB01FE76C300023C9C9 /* BSBDJUITests */ = {
			isa = PBXGroup;
			children = (
				2E61DDB11FE76C300023C9C9 /* BSBDJUITests.swift */,
				2E61DDB31FE76C300023C9C9 /* Info.plist */,
			);
			path = BSBDJUITests;
			sourceTree = "<group>";
		};
		2E61DDBF1FE76CF00023C9C9 /* 新帖 */ = {
			isa = PBXGroup;
			children = (
				2E61DDC01FE76CF00023C9C9 /* Controller */,
				2E61DDC11FE76CF00023C9C9 /* Model */,
				2E61DDC21FE76CF00023C9C9 /* View */,
			);
			path = "新帖";
			sourceTree = "<group>";
		};
		2E61DDC01FE76CF00023C9C9 /* Controller */ = {
			isa = PBXGroup;
			children = (
				2E61DDDF1FE76DFD0023C9C9 /* NewViewController.swift */,
			);
			path = Controller;
			sourceTree = "<group>";
		};
		2E61DDC11FE76CF00023C9C9 /* Model */ = {
			isa = PBXGroup;
			children = (
			);
			path = Model;
			sourceTree = "<group>";
		};
		2E61DDC21FE76CF00023C9C9 /* View */ = {
			isa = PBXGroup;
			children = (
			);
			path = View;
			sourceTree = "<group>";
		};
		2E61DDC31FE76CF00023C9C9 /* Other */ = {
			isa = PBXGroup;
			children = (
				2E61DDF61FE76F6D0023C9C9 /* Tools */,
				2E61DDE51FE76F330023C9C9 /* Category */,
				2E61DDC41FE76CF00023C9C9 /* Controller */,
			);
			path = Other;
			sourceTree = "<group>";
		};
		2E61DDC41FE76CF00023C9C9 /* Controller */ = {
			isa = PBXGroup;
			children = (
				2E61DDD91FE76D4A0023C9C9 /* MainTabBarController.swift */,
				2E61DDD81FE76D4A0023C9C9 /* MainNavigationController.swift */,
				2E61DDD71FE76D4A0023C9C9 /* MainTabBar.swift */,
			);
			path = Controller;
			sourceTree = "<group>";
		};
		2E61DDC71FE76CF10023C9C9 /* 关注 */ = {
			isa = PBXGroup;
			children = (
				2E61DDC81FE76CF10023C9C9 /* Controller */,
				2E61DDC91FE76CF10023C9C9 /* Model */,
				2E61DDCA1FE76CF10023C9C9 /* View */,
			);
			path = "关注";
			sourceTree = "<group>";
		};
		2E61DDC81FE76CF10023C9C9 /* Controller */ = {
			isa = PBXGroup;
			children = (
				2E61DDE11FE76E140023C9C9 /* FriendViewController.swift */,
			);
			path = Controller;
			sourceTree = "<group>";
		};
		2E61DDC91FE76CF10023C9C9 /* Model */ = {
			isa = PBXGroup;
			children = (
			);
			path = Model;
			sourceTree = "<group>";
		};
		2E61DDCA1FE76CF10023C9C9 /* View */ = {
			isa = PBXGroup;
			children = (
			);
			path = View;
			sourceTree = "<group>";
		};
		2E61DDCB1FE76CF10023C9C9 /* 发布 */ = {
			isa = PBXGroup;
			children = (
				2E61DDCC1FE76CF10023C9C9 /* Controller */,
				2E61DDCD1FE76CF10023C9C9 /* Model */,
				2E61DDCE1FE76CF10023C9C9 /* View */,
			);
			path = "发布";
			sourceTree = "<group>";
		};
		2E61DDCC1FE76CF10023C9C9 /* Controller */ = {
			isa = PBXGroup;
			children = (
			);
			path = Controller;
			sourceTree = "<group>";
		};
		2E61DDCD1FE76CF10023C9C9 /* Model */ = {
			isa = PBXGroup;
			children = (
			);
			path = Model;
			sourceTree = "<group>";
		};
		2E61DDCE1FE76CF10023C9C9 /* View */ = {
			isa = PBXGroup;
			children = (
			);
			path = View;
			sourceTree = "<group>";
		};
		2E61DDCF1FE76CF10023C9C9 /* 精华 */ = {
			isa = PBXGroup;
			children = (
				2E61DDD01FE76CF10023C9C9 /* Controller */,
				2E61DDD11FE76CF10023C9C9 /* Model */,
				2E61DDD21FE76CF10023C9C9 /* View */,
			);
			path = "精华";
			sourceTree = "<group>";
		};
		2E61DDD01FE76CF10023C9C9 /* Controller */ = {
			isa = PBXGroup;
			children = (
				2E61DDDD1FE76DE60023C9C9 /* EssenceViewController.swift */,
				2EB072921FE7710A0016AA31 /* EssenceContentViewController.swift */,
			);
			path = Controller;
			sourceTree = "<group>";
		};
		2E61DDD11FE76CF10023C9C9 /* Model */ = {
			isa = PBXGroup;
			children = (
			);
			path = Model;
			sourceTree = "<group>";
		};
		2E61DDD21FE76CF10023C9C9 /* View */ = {
			isa = PBXGroup;
			children = (
			);
			path = View;
			sourceTree = "<group>";
		};
		2E61DDD31FE76CF10023C9C9 /* 我 */ = {
			isa = PBXGroup;
			children = (
				2E61DDD41FE76CF10023C9C9 /* Controller */,
				2E61DDD51FE76CF10023C9C9 /* Model */,
				2E61DDD61FE76CF10023C9C9 /* View */,
			);
			path = "我";
			sourceTree = "<group>";
		};
		2E61DDD41FE76CF10023C9C9 /* Controller */ = {
			isa = PBXGroup;
			children = (
				2E61DDE31FE76E280023C9C9 /* MeViewController.swift */,
			);
			path = Controller;
			sourceTree = "<group>";
		};
		2E61DDD51FE76CF10023C9C9 /* Model */ = {
			isa = PBXGroup;
			children = (
			);
			path = Model;
			sourceTree = "<group>";
		};
		2E61DDD61FE76CF10023C9C9 /* View */ = {
			isa = PBXGroup;
			children = (
			);
			path = View;
			sourceTree = "<group>";
		};
		2E61DDE51FE76F330023C9C9 /* Category */ = {
			isa = PBXGroup;
			children = (
				2E61DDE61FE76F330023C9C9 /* Controller */,
				2E61DDE71FE76F330023C9C9 /* Date+Extension.swift */,
				2E61DDE81FE76F330023C9C9 /* String+Extension.swift */,
				2E61DDE91FE76F330023C9C9 /* UIBarButtonItem+Extesion.swift */,
				2E61DDEA1FE76F330023C9C9 /* UIColor+Extension.swift */,
				2E61DDEB1FE76F330023C9C9 /* UIImage+Extension.swift */,
				2E61DDEC1FE76F330023C9C9 /* UIImageView+Extension.swift */,
				2E61DDED1FE76F330023C9C9 /* UIView+Extension.swift */,
			);
			path = Category;
			sourceTree = "<group>";
		};
		2E61DDF61FE76F6D0023C9C9 /* Tools */ = {
			isa = PBXGroup;
			children = (
				2E61DDF71FE76F6D0023C9C9 /* Common.swift */,
			);
			path = Tools;
			sourceTree = "<group>";
		};
		4198429E9D95AB5F2FC26D4F /* Pods */ = {
			isa = PBXGroup;
			children = (
				5BADCC3C187461FE43E570CB /* Pods-BSBDJ.debug.xcconfig */,
				D28C54D23ECE57A291F9B20F /* Pods-BSBDJ.release.xcconfig */,
			);
			name = Pods;
			sourceTree = "<group>";
		};
		7A885CA6DCB3A80BE7228A2E /* Frameworks */ = {
			isa = PBXGroup;
			children = (
				0A884AB52F036DA6A175B23C /* Pods_BSBDJ.framework */,
			);
			name = Frameworks;
			sourceTree = "<group>";
		};
/* End PBXGroup section */

/* Begin PBXNativeTarget section */
		2E61DD8D1FE76C300023C9C9 /* BSBDJ */ = {
			isa = PBXNativeTarget;
			buildConfigurationList = 2E61DDB61FE76C300023C9C9 /* Build configuration list for PBXNativeTarget "BSBDJ" */;
			buildPhases = (
				0C637CEBBC2968EA370A84BD /* [CP] Check Pods Manifest.lock */,
				2E61DD8A1FE76C300023C9C9 /* Sources */,
				2E61DD8B1FE76C300023C9C9 /* Frameworks */,
				2E61DD8C1FE76C300023C9C9 /* Resources */,
				8E1FE24CC3B06DEC05BD26D5 /* [CP] Embed Pods Frameworks */,
				5DDDB644C564622BE29D94C8 /* [CP] Copy Pods Resources */,
			);
			buildRules = (
			);
			dependencies = (
			);
			name = BSBDJ;
			productName = BSBDJ;
			productReference = 2E61DD8E1FE76C300023C9C9 /* BSBDJ.app */;
			productType = "com.apple.product-type.application";
		};
		2E61DDA11FE76C300023C9C9 /* BSBDJTests */ = {
			isa = PBXNativeTarget;
			buildConfigurationList = 2E61DDB91FE76C300023C9C9 /* Build configuration list for PBXNativeTarget "BSBDJTests" */;
			buildPhases = (
				2E61DD9E1FE76C300023C9C9 /* Sources */,
				2E61DD9F1FE76C300023C9C9 /* Frameworks */,
				2E61DDA01FE76C300023C9C9 /* Resources */,
			);
			buildRules = (
			);
			dependencies = (
				2E61DDA41FE76C300023C9C9 /* PBXTargetDependency */,
			);
			name = BSBDJTests;
			productName = BSBDJTests;
			productReference = 2E61DDA21FE76C300023C9C9 /* BSBDJTests.xctest */;
			productType = "com.apple.product-type.bundle.unit-test";
		};
		2E61DDAC1FE76C300023C9C9 /* BSBDJUITests */ = {
			isa = PBXNativeTarget;
			buildConfigurationList = 2E61DDBC1FE76C300023C9C9 /* Build configuration list for PBXNativeTarget "BSBDJUITests" */;
			buildPhases = (
				2E61DDA91FE76C300023C9C9 /* Sources */,
				2E61DDAA1FE76C300023C9C9 /* Frameworks */,
				2E61DDAB1FE76C300023C9C9 /* Resources */,
			);
			buildRules = (
			);
			dependencies = (
				2E61DDAF1FE76C300023C9C9 /* PBXTargetDependency */,
			);
			name = BSBDJUITests;
			productName = BSBDJUITests;
			productReference = 2E61DDAD1FE76C300023C9C9 /* BSBDJUITests.xctest */;
			productType = "com.apple.product-type.bundle.ui-testing";
		};
/* End PBXNativeTarget section */

/* Begin PBXProject section */
		2E61DD861FE76C300023C9C9 /* Project object */ = {
			isa = PBXProject;
			attributes = {
				LastSwiftUpdateCheck = 0920;
				LastUpgradeCheck = 0920;
				ORGANIZATIONNAME = "成良雨";
				TargetAttributes = {
					2E61DD8D1FE76C300023C9C9 = {
						CreatedOnToolsVersion = 9.2;
						ProvisioningStyle = Automatic;
					};
					2E61DDA11FE76C300023C9C9 = {
						CreatedOnToolsVersion = 9.2;
						ProvisioningStyle = Automatic;
						TestTargetID = 2E61DD8D1FE76C300023C9C9;
					};
					2E61DDAC1FE76C300023C9C9 = {
						CreatedOnToolsVersion = 9.2;
						ProvisioningStyle = Automatic;
						TestTargetID = 2E61DD8D1FE76C300023C9C9;
					};
				};
			};
			buildConfigurationList = 2E61DD891FE76C300023C9C9 /* Build configuration list for PBXProject "BSBDJ" */;
			compatibilityVersion = "Xcode 8.0";
			developmentRegion = en;
			hasScannedForEncodings = 0;
			knownRegions = (
				en,
				Base,
			);
			mainGroup = 2E61DD851FE76C300023C9C9;
			productRefGroup = 2E61DD8F1FE76C300023C9C9 /* Products */;
			projectDirPath = "";
			projectRoot = "";
			targets = (
				2E61DD8D1FE76C300023C9C9 /* BSBDJ */,
				2E61DDA11FE76C300023C9C9 /* BSBDJTests */,
				2E61DDAC1FE76C300023C9C9 /* BSBDJUITests */,
			);
		};
/* End PBXProject section */

/* Begin PBXResourcesBuildPhase section */
		2E61DD8C1FE76C300023C9C9 /* Resources */ = {
			isa = PBXResourcesBuildPhase;
			buildActionMask = 2147483647;
			files = (
				2E61DD9C1FE76C300023C9C9 /* LaunchScreen.storyboard in Resources */,
				2E61DD991FE76C300023C9C9 /* Assets.xcassets in Resources */,
				2E61DDEE1FE76F340023C9C9 /* Controller in Resources */,
				2E61DD971FE76C300023C9C9 /* Main.storyboard in Resources */,
			);
			runOnlyForDeploymentPostprocessing = 0;
		};
		2E61DDA01FE76C300023C9C9 /* Resources */ = {
			isa = PBXResourcesBuildPhase;
			buildActionMask = 2147483647;
			files = (
			);
			runOnlyForDeploymentPostprocessing = 0;
		};
		2E61DDAB1FE76C300023C9C9 /* Resources */ = {
			isa = PBXResourcesBuildPhase;
			buildActionMask = 2147483647;
			files = (
			);
			runOnlyForDeploymentPostprocessing = 0;
		};
/* End PBXResourcesBuildPhase section */

/* Begin PBXShellScriptBuildPhase section */
		0C637CEBBC2968EA370A84BD /* [CP] Check Pods Manifest.lock */ = {
			isa = PBXShellScriptBuildPhase;
			buildActionMask = 2147483647;
			files = (
			);
			inputPaths = (
				"${PODS_PODFILE_DIR_PATH}/Podfile.lock",
				"${PODS_ROOT}/Manifest.lock",
			);
			name = "[CP] Check Pods Manifest.lock";
			outputPaths = (
				"$(DERIVED_FILE_DIR)/Pods-BSBDJ-checkManifestLockResult.txt",
			);
			runOnlyForDeploymentPostprocessing = 0;
			shellPath = /bin/sh;
			shellScript = "diff \"${PODS_PODFILE_DIR_PATH}/Podfile.lock\" \"${PODS_ROOT}/Manifest.lock\" > /dev/null\nif [ $? != 0 ] ; then\n    # print error to STDERR\n    echo \"error: The sandbox is not in sync with the Podfile.lock. Run 'pod install' or update your CocoaPods installation.\" >&2\n    exit 1\nfi\n# This output is used by Xcode 'outputs' to avoid re-running this script phase.\necho \"SUCCESS\" > \"${SCRIPT_OUTPUT_FILE_0}\"\n";
			showEnvVarsInLog = 0;
		};
		5DDDB644C564622BE29D94C8 /* [CP] Copy Pods Resources */ = {
			isa = PBXShellScriptBuildPhase;
			buildActionMask = 2147483647;
			files = (
			);
			inputPaths = (
			);
			name = "[CP] Copy Pods Resources";
			outputPaths = (
			);
			runOnlyForDeploymentPostprocessing = 0;
			shellPath = /bin/sh;
			shellScript = "\"${SRCROOT}/Pods/Target Support Files/Pods-BSBDJ/Pods-BSBDJ-resources.sh\"\n";
			showEnvVarsInLog = 0;
		};
		8E1FE24CC3B06DEC05BD26D5 /* [CP] Embed Pods Frameworks */ = {
			isa = PBXShellScriptBuildPhase;
			buildActionMask = 2147483647;
			files = (
			);
			inputPaths = (
				"${SRCROOT}/Pods/Target Support Files/Pods-BSBDJ/Pods-BSBDJ-frameworks.sh",
				"${BUILT_PRODUCTS_DIR}/Alamofire/Alamofire.framework",
				"${BUILT_PRODUCTS_DIR}/GrowingTextView/GrowingTextView.framework",
				"${BUILT_PRODUCTS_DIR}/KYCircularProgress/KYCircularProgress.framework",
				"${BUILT_PRODUCTS_DIR}/Kingfisher/Kingfisher.framework",
				"${BUILT_PRODUCTS_DIR}/SnapKit/SnapKit.framework",
			);
			name = "[CP] Embed Pods Frameworks";
			outputPaths = (
				"${TARGET_BUILD_DIR}/${FRAMEWORKS_FOLDER_PATH}/Alamofire.framework",
				"${TARGET_BUILD_DIR}/${FRAMEWORKS_FOLDER_PATH}/GrowingTextView.framework",
				"${TARGET_BUILD_DIR}/${FRAMEWORKS_FOLDER_PATH}/KYCircularProgress.framework",
				"${TARGET_BUILD_DIR}/${FRAMEWORKS_FOLDER_PATH}/Kingfisher.framework",
				"${TARGET_BUILD_DIR}/${FRAMEWORKS_FOLDER_PATH}/SnapKit.framework",
			);
			runOnlyForDeploymentPostprocessing = 0;
			shellPath = /bin/sh;
			shellScript = "\"${SRCROOT}/Pods/Target Support Files/Pods-BSBDJ/Pods-BSBDJ-frameworks.sh\"\n";
			showEnvVarsInLog = 0;
		};
/* End PBXShellScriptBuildPhase section */

/* Begin PBXSourcesBuildPhase section */
		2E61DD8A1FE76C300023C9C9 /* Sources */ = {
			isa = PBXSourcesBuildPhase;
			buildActionMask = 2147483647;
			files = (
				2E61DDF81FE76F6D0023C9C9 /* Common.swift in Sources */,
				2EB072931FE7710A0016AA31 /* EssenceContentViewController.swift in Sources */,
				2E61DDF41FE76F340023C9C9 /* UIImageView+Extension.swift in Sources */,
				2E61DDE41FE76E280023C9C9 /* MeViewController.swift in Sources */,
				2E61DDF51FE76F340023C9C9 /* UIView+Extension.swift in Sources */,
				2E61DDF31FE76F340023C9C9 /* UIImage+Extension.swift in Sources */,
				2E61DDF01FE76F340023C9C9 /* String+Extension.swift in Sources */,
				2E61DDDA1FE76D4A0023C9C9 /* MainTabBar.swift in Sources */,
				2E61DDDE1FE76DE60023C9C9 /* EssenceViewController.swift in Sources */,
				2E61DDE01FE76DFD0023C9C9 /* NewViewController.swift in Sources */,
				2E61DDF11FE76F340023C9C9 /* UIBarButtonItem+Extesion.swift in Sources */,
				2E61DD941FE76C300023C9C9 /* ViewController.swift in Sources */,
				2E61DDEF1FE76F340023C9C9 /* Date+Extension.swift in Sources */,
				2E61DDE21FE76E140023C9C9 /* FriendViewController.swift in Sources */,
				2E61DDDC1FE76D4A0023C9C9 /* MainTabBarController.swift in Sources */,
				2E61DDF21FE76F340023C9C9 /* UIColor+Extension.swift in Sources */,
				2E61DDDB1FE76D4A0023C9C9 /* MainNavigationController.swift in Sources */,
				2E61DD921FE76C300023C9C9 /* AppDelegate.swift in Sources */,
			);
			runOnlyForDeploymentPostprocessing = 0;
		};
		2E61DD9E1FE76C300023C9C9 /* Sources */ = {
			isa = PBXSourcesBuildPhase;
			buildActionMask = 2147483647;
			files = (
				2E61DDA71FE76C300023C9C9 /* BSBDJTests.swift in Sources */,
			);
			runOnlyForDeploymentPostprocessing = 0;
		};
		2E61DDA91FE76C300023C9C9 /* Sources */ = {
			isa = PBXSourcesBuildPhase;
			buildActionMask = 2147483647;
			files = (
				2E61DDB21FE76C300023C9C9 /* BSBDJUITests.swift in Sources */,
			);
			runOnlyForDeploymentPostprocessing = 0;
		};
/* End PBXSourcesBuildPhase section */

/* Begin PBXTargetDependency section */
		2E61DDA41FE76C300023C9C9 /* PBXTargetDependency */ = {
			isa = PBXTargetDependency;
			target = 2E61DD8D1FE76C300023C9C9 /* BSBDJ */;
			targetProxy = 2E61DDA31FE76C300023C9C9 /* PBXContainerItemProxy */;
		};
		2E61DDAF1FE76C300023C9C9 /* PBXTargetDependency */ = {
			isa = PBXTargetDependency;
			target = 2E61DD8D1FE76C300023C9C9 /* BSBDJ */;
			targetProxy = 2E61DDAE1FE76C300023C9C9 /* PBXContainerItemProxy */;
		};
/* End PBXTargetDependency section */

/* Begin PBXVariantGroup section */
		2E61DD951FE76C300023C9C9 /* Main.storyboard */ = {
			isa = PBXVariantGroup;
			children = (
				2E61DD961FE76C300023C9C9 /* Base */,
			);
			name = Main.storyboard;
			sourceTree = "<group>";
		};
		2E61DD9A1FE76C300023C9C9 /* LaunchScreen.storyboard */ = {
			isa = PBXVariantGroup;
			children = (
				2E61DD9B1FE76C300023C9C9 /* Base */,
			);
			name = LaunchScreen.storyboard;
			sourceTree = "<group>";
		};
/* End PBXVariantGroup section */

/* Begin XCBuildConfiguration section */
		2E61DDB41FE76C300023C9C9 /* Debug */ = {
			isa = XCBuildConfiguration;
			buildSettings = {
				ALWAYS_SEARCH_USER_PATHS = NO;
				CLANG_ANALYZER_NONNULL = YES;
				CLANG_ANALYZER_NUMBER_OBJECT_CONVERSION = YES_AGGRESSIVE;
				CLANG_CXX_LANGUAGE_STANDARD = "gnu++14";
				CLANG_CXX_LIBRARY = "libc++";
				CLANG_ENABLE_MODULES = YES;
				CLANG_ENABLE_OBJC_ARC = YES;
				CLANG_WARN_BLOCK_CAPTURE_AUTORELEASING = YES;
				CLANG_WARN_BOOL_CONVERSION = YES;
				CLANG_WARN_COMMA = YES;
				CLANG_WARN_CONSTANT_CONVERSION = YES;
				CLANG_WARN_DIRECT_OBJC_ISA_USAGE = YES_ERROR;
				CLANG_WARN_DOCUMENTATION_COMMENTS = YES;
				CLANG_WARN_EMPTY_BODY = YES;
				CLANG_WARN_ENUM_CONVERSION = YES;
				CLANG_WARN_INFINITE_RECURSION = YES;
				CLANG_WARN_INT_CONVERSION = YES;
				CLANG_WARN_NON_LITERAL_NULL_CONVERSION = YES;
				CLANG_WARN_OBJC_LITERAL_CONVERSION = YES;
				CLANG_WARN_OBJC_ROOT_CLASS = YES_ERROR;
				CLANG_WARN_RANGE_LOOP_ANALYSIS = YES;
				CLANG_WARN_STRICT_PROTOTYPES = YES;
				CLANG_WARN_SUSPICIOUS_MOVE = YES;
				CLANG_WARN_UNGUARDED_AVAILABILITY = YES_AGGRESSIVE;
				CLANG_WARN_UNREACHABLE_CODE = YES;
				CLANG_WARN__DUPLICATE_METHOD_MATCH = YES;
				CODE_SIGN_IDENTITY = "iPhone Developer";
				COPY_PHASE_STRIP = NO;
				DEBUG_INFORMATION_FORMAT = dwarf;
				ENABLE_STRICT_OBJC_MSGSEND = YES;
				ENABLE_TESTABILITY = YES;
				GCC_C_LANGUAGE_STANDARD = gnu11;
				GCC_DYNAMIC_NO_PIC = NO;
				GCC_NO_COMMON_BLOCKS = YES;
				GCC_OPTIMIZATION_LEVEL = 0;
				GCC_PREPROCESSOR_DEFINITIONS = (
					"DEBUG=1",
					"$(inherited)",
				);
				GCC_WARN_64_TO_32_BIT_CONVERSION = YES;
				GCC_WARN_ABOUT_RETURN_TYPE = YES_ERROR;
				GCC_WARN_UNDECLARED_SELECTOR = YES;
				GCC_WARN_UNINITIALIZED_AUTOS = YES_AGGRESSIVE;
				GCC_WARN_UNUSED_FUNCTION = YES;
				GCC_WARN_UNUSED_VARIABLE = YES;
				IPHONEOS_DEPLOYMENT_TARGET = 11.2;
				MTL_ENABLE_DEBUG_INFO = YES;
				ONLY_ACTIVE_ARCH = YES;
				SDKROOT = iphoneos;
				SWIFT_ACTIVE_COMPILATION_CONDITIONS = DEBUG;
				SWIFT_OPTIMIZATION_LEVEL = "-Onone";
			};
			name = Debug;
		};
		2E61DDB51FE76C300023C9C9 /* Release */ = {
			isa = XCBuildConfiguration;
			buildSettings = {
				ALWAYS_SEARCH_USER_PATHS = NO;
				CLANG_ANALYZER_NONNULL = YES;
				CLANG_ANALYZER_NUMBER_OBJECT_CONVERSION = YES_AGGRESSIVE;
				CLANG_CXX_LANGUAGE_STANDARD = "gnu++14";
				CLANG_CXX_LIBRARY = "libc++";
				CLANG_ENABLE_MODULES = YES;
				CLANG_ENABLE_OBJC_ARC = YES;
				CLANG_WARN_BLOCK_CAPTURE_AUTORELEASING = YES;
				CLANG_WARN_BOOL_CONVERSION = YES;
				CLANG_WARN_COMMA = YES;
				CLANG_WARN_CONSTANT_CONVERSION = YES;
				CLANG_WARN_DIRECT_OBJC_ISA_USAGE = YES_ERROR;
				CLANG_WARN_DOCUMENTATION_COMMENTS = YES;
				CLANG_WARN_EMPTY_BODY = YES;
				CLANG_WARN_ENUM_CONVERSION = YES;
				CLANG_WARN_INFINITE_RECURSION = YES;
				CLANG_WARN_INT_CONVERSION = YES;
				CLANG_WARN_NON_LITERAL_NULL_CONVERSION = YES;
				CLANG_WARN_OBJC_LITERAL_CONVERSION = YES;
				CLANG_WARN_OBJC_ROOT_CLASS = YES_ERROR;
				CLANG_WARN_RANGE_LOOP_ANALYSIS = YES;
				CLANG_WARN_STRICT_PROTOTYPES = YES;
				CLANG_WARN_SUSPICIOUS_MOVE = YES;
				CLANG_WARN_UNGUARDED_AVAILABILITY = YES_AGGRESSIVE;
				CLANG_WARN_UNREACHABLE_CODE = YES;
				CLANG_WARN__DUPLICATE_METHOD_MATCH = YES;
				CODE_SIGN_IDENTITY = "iPhone Developer";
				COPY_PHASE_STRIP = NO;
				DEBUG_INFORMATION_FORMAT = "dwarf-with-dsym";
				ENABLE_NS_ASSERTIONS = NO;
				ENABLE_STRICT_OBJC_MSGSEND = YES;
				GCC_C_LANGUAGE_STANDARD = gnu11;
				GCC_NO_COMMON_BLOCKS = YES;
				GCC_WARN_64_TO_32_BIT_CONVERSION = YES;
				GCC_WARN_ABOUT_RETURN_TYPE = YES_ERROR;
				GCC_WARN_UNDECLARED_SELECTOR = YES;
				GCC_WARN_UNINITIALIZED_AUTOS = YES_AGGRESSIVE;
				GCC_WARN_UNUSED_FUNCTION = YES;
				GCC_WARN_UNUSED_VARIABLE = YES;
				IPHONEOS_DEPLOYMENT_TARGET = 11.2;
				MTL_ENABLE_DEBUG_INFO = NO;
				SDKROOT = iphoneos;
				SWIFT_OPTIMIZATION_LEVEL = "-Owholemodule";
				VALIDATE_PRODUCT = YES;
			};
			name = Release;
		};
		2E61DDB71FE76C300023C9C9 /* Debug */ = {
			isa = XCBuildConfiguration;
			baseConfigurationReference = 5BADCC3C187461FE43E570CB /* Pods-BSBDJ.debug.xcconfig */;
			buildSettings = {
				ASSETCATALOG_COMPILER_APPICON_NAME = AppIcon;
				CODE_SIGN_STYLE = Automatic;
				DEFINES_MODULE = YES;
				DEVELOPMENT_TEAM = 39P72N6YMP;
				INFOPLIST_FILE = BSBDJ/Info.plist;
				LD_RUNPATH_SEARCH_PATHS = "$(inherited) @executable_path/Frameworks";
				PRODUCT_BUNDLE_IDENTIFIER = baobiao.com.BSBDJ;
				PRODUCT_NAME = "$(TARGET_NAME)";
				SWIFT_VERSION = 4.0;
				TARGETED_DEVICE_FAMILY = "1,2";
			};
			name = Debug;
		};
		2E61DDB81FE76C300023C9C9 /* Release */ = {
			isa = XCBuildConfiguration;
			baseConfigurationReference = D28C54D23ECE57A291F9B20F /* Pods-BSBDJ.release.xcconfig */;
			buildSettings = {
				ASSETCATALOG_COMPILER_APPICON_NAME = AppIcon;
				CODE_SIGN_STYLE = Automatic;
				DEFINES_MODULE = YES;
				DEVELOPMENT_TEAM = 39P72N6YMP;
				INFOPLIST_FILE = BSBDJ/Info.plist;
				LD_RUNPATH_SEARCH_PATHS = "$(inherited) @executable_path/Frameworks";
				PRODUCT_BUNDLE_IDENTIFIER = baobiao.com.BSBDJ;
				PRODUCT_NAME = "$(TARGET_NAME)";
				SWIFT_VERSION = 4.0;
				TARGETED_DEVICE_FAMILY = "1,2";
			};
			name = Release;
		};
		2E61DDBA1FE76C300023C9C9 /* Debug */ = {
			isa = XCBuildConfiguration;
			buildSettings = {
				ALWAYS_EMBED_SWIFT_STANDARD_LIBRARIES = YES;
				BUNDLE_LOADER = "$(TEST_HOST)";
				CODE_SIGN_STYLE = Automatic;
				DEVELOPMENT_TEAM = 39P72N6YMP;
				INFOPLIST_FILE = BSBDJTests/Info.plist;
				LD_RUNPATH_SEARCH_PATHS = "$(inherited) @executable_path/Frameworks @loader_path/Frameworks";
				PRODUCT_BUNDLE_IDENTIFIER = baobiao.com.BSBDJTests;
				PRODUCT_NAME = "$(TARGET_NAME)";
				SWIFT_VERSION = 4.0;
				TARGETED_DEVICE_FAMILY = "1,2";
				TEST_HOST = "$(BUILT_PRODUCTS_DIR)/BSBDJ.app/BSBDJ";
			};
			name = Debug;
		};
		2E61DDBB1FE76C300023C9C9 /* Release */ = {
			isa = XCBuildConfiguration;
			buildSettings = {
				ALWAYS_EMBED_SWIFT_STANDARD_LIBRARIES = YES;
				BUNDLE_LOADER = "$(TEST_HOST)";
				CODE_SIGN_STYLE = Automatic;
				DEVELOPMENT_TEAM = 39P72N6YMP;
				INFOPLIST_FILE = BSBDJTests/Info.plist;
				LD_RUNPATH_SEARCH_PATHS = "$(inherited) @executable_path/Frameworks @loader_path/Frameworks";
				PRODUCT_BUNDLE_IDENTIFIER = baobiao.com.BSBDJTests;
				PRODUCT_NAME = "$(TARGET_NAME)";
				SWIFT_VERSION = 4.0;
				TARGETED_DEVICE_FAMILY = "1,2";
				TEST_HOST = "$(BUILT_PRODUCTS_DIR)/BSBDJ.app/BSBDJ";
			};
			name = Release;
		};
		2E61DDBD1FE76C300023C9C9 /* Debug */ = {
			isa = XCBuildConfiguration;
			buildSettings = {
				ALWAYS_EMBED_SWIFT_STANDARD_LIBRARIES = YES;
				CODE_SIGN_STYLE = Automatic;
				DEVELOPMENT_TEAM = 39P72N6YMP;
				INFOPLIST_FILE = BSBDJUITests/Info.plist;
				LD_RUNPATH_SEARCH_PATHS = "$(inherited) @executable_path/Frameworks @loader_path/Frameworks";
				PRODUCT_BUNDLE_IDENTIFIER = baobiao.com.BSBDJUITests;
				PRODUCT_NAME = "$(TARGET_NAME)";
				SWIFT_VERSION = 4.0;
				TARGETED_DEVICE_FAMILY = "1,2";
				TEST_TARGET_NAME = BSBDJ;
			};
			name = Debug;
		};
		2E61DDBE1FE76C300023C9C9 /* Release */ = {
			isa = XCBuildConfiguration;
			buildSettings = {
				ALWAYS_EMBED_SWIFT_STANDARD_LIBRARIES = YES;
				CODE_SIGN_STYLE = Automatic;
				DEVELOPMENT_TEAM = 39P72N6YMP;
				INFOPLIST_FILE = BSBDJUITests/Info.plist;
				LD_RUNPATH_SEARCH_PATHS = "$(inherited) @executable_path/Frameworks @loader_path/Frameworks";
				PRODUCT_BUNDLE_IDENTIFIER = baobiao.com.BSBDJUITests;
				PRODUCT_NAME = "$(TARGET_NAME)";
				SWIFT_VERSION = 4.0;
				TARGETED_DEVICE_FAMILY = "1,2";
				TEST_TARGET_NAME = BSBDJ;
			};
			name = Release;
		};
/* End XCBuildConfiguration section */

/* Begin XCConfigurationList section */
		2E61DD891FE76C300023C9C9 /* Build configuration list for PBXProject "BSBDJ" */ = {
			isa = XCConfigurationList;
			buildConfigurations = (
				2E61DDB41FE76C300023C9C9 /* Debug */,
				2E61DDB51FE76C300023C9C9 /* Release */,
			);
			defaultConfigurationIsVisible = 0;
			defaultConfigurationName = Release;
		};
		2E61DDB61FE76C300023C9C9 /* Build configuration list for PBXNativeTarget "BSBDJ" */ = {
			isa = XCConfigurationList;
			buildConfigurations = (
				2E61DDB71FE76C300023C9C9 /* Debug */,
				2E61DDB81FE76C300023C9C9 /* Release */,
			);
			defaultConfigurationIsVisible = 0;
			defaultConfigurationName = Release;
		};
		2E61DDB91FE76C300023C9C9 /* Build configuration list for PBXNativeTarget "BSBDJTests" */ = {
			isa = XCConfigurationList;
			buildConfigurations = (
				2E61DDBA1FE76C300023C9C9 /* Debug */,
				2E61DDBB1FE76C300023C9C9 /* Release */,
			);
			defaultConfigurationIsVisible = 0;
			defaultConfigurationName = Release;
		};
		2E61DDBC1FE76C300023C9C9 /* Build configuration list for PBXNativeTarget "BSBDJUITests" */ = {
			isa = XCConfigurationList;
			buildConfigurations = (
				2E61DDBD1FE76C300023C9C9 /* Debug */,
				2E61DDBE1FE76C300023C9C9 /* Release */,
			);
			defaultConfigurationIsVisible = 0;
			defaultConfigurationName = Release;
		};
/* End XCConfigurationList section */
	};
	rootObject = 2E61DD861FE76C300023C9C9 /* Project object */;
}
